// !$*UTF8*$!
{
	archiveVersion = 1;
	classes = {
	};
	objectVersion = 56;
	objects = {

/* Begin PBXBuildFile section */
		9675E1FC20855F6500A4A84A /* Foundation.framework in Frameworks */ = {isa = PBXBuildFile; fileRef = 9675E1FB20855F6500A4A84A /* Foundation.framework */; };
		9675E1FF20857AEF00A4A84A /* UIKit.framework in Frameworks */ = {isa = PBXBuildFile; fileRef = 9675E1FE20857AEF00A4A84A /* UIKit.framework */; };
		B002B8721BAE420500C744AF /* Assets.xcassets in Resources */ = {isa = PBXBuildFile; fileRef = B002B8711BAE420500C744AF /* Assets.xcassets */; };
		BB0001AABBCCDDEEFF0001 /* WebViewBridge.m in Sources */ = {isa = PBXBuildFile; fileRef = AA0001AABBCCDDEEFF0002 /* WebViewBridge.m */; };
		BB0001AABBCCDDEEFF0003 /* AppDelegate.swift in Sources */ = {isa = PBXBuildFile; fileRef = AA0001AABBCCDDEEFF0004 /* AppDelegate.swift */; };
		BB0001AABBCCDDEEFF0005 /* SceneDelegate.swift in Sources */ = {isa = PBXBuildFile; fileRef = AA0001AABBCCDDEEFF0006 /* SceneDelegate.swift */; };
		BB0001AABBCCDDEEFF0007 /* SettingsManager.swift in Sources */ = {isa = PBXBuildFile; fileRef = AA0001AABBCCDDEEFF0008 /* SettingsManager.swift */; };
		BB0001AABBCCDDEEFF0009 /* HistoryManager.swift in Sources */ = {isa = PBXBuildFile; fileRef = AA0001AABBCCDDEEFF000A /* HistoryManager.swift */; };
		BB0001AABBCCDDEEFF000B /* FavoritesManager.swift in Sources */ = {isa = PBXBuildFile; fileRef = AA0001AABBCCDDEEFF000C /* FavoritesManager.swift */; };
		BB0001AABBCCDDEEFF000D /* JavaScriptExecutor.swift in Sources */ = {isa = PBXBuildFile; fileRef = AA0001AABBCCDDEEFF000E /* JavaScriptExecutor.swift */; };
		BB0001AABBCCDDEEFF000F /* WebViewContainer.swift in Sources */ = {isa = PBXBuildFile; fileRef = AA0001AABBCCDDEEFF0010 /* WebViewContainer.swift */; };
		BB0001AABBCCDDEEFF0013 /* CursorView.swift in Sources */ = {isa = PBXBuildFile; fileRef = AA0001AABBCCDDEEFF0014 /* CursorView.swift */; };
		BB0001AABBCCDDEEFF0015 /* NavigationBarView.swift in Sources */ = {isa = PBXBuildFile; fileRef = AA0001AABBCCDDEEFF0016 /* NavigationBarView.swift */; };
		BB0001AABBCCDDEEFF0017 /* NavigationBarViewModel.swift in Sources */ = {isa = PBXBuildFile; fileRef = AA0001AABBCCDDEEFF0018 /* NavigationBarViewModel.swift */; };
		BB0001AABBCCDDEEFF0019 /* QuickMenuPresenter.swift in Sources */ = {isa = PBXBuildFile; fileRef = AA0001AABBCCDDEEFF001A /* QuickMenuPresenter.swift */; };
		BB0001AABBCCDDEEFF001B /* AdvancedMenuPresenter.swift in Sources */ = {isa = PBXBuildFile; fileRef = AA0001AABBCCDDEEFF001C /* AdvancedMenuPresenter.swift */; };
		BB0001AABBCCDDEEFF001D /* BrowserViewModel.swift in Sources */ = {isa = PBXBuildFile; fileRef = AA0001AABBCCDDEEFF001E /* BrowserViewModel.swift */; };
		BB0001AABBCCDDEEFF001F /* BrowserViewController.swift in Sources */ = {isa = PBXBuildFile; fileRef = AA0001AABBCCDDEEFF0020 /* BrowserViewController.swift */; };
		BB0001AABBCCDDEEFF0021 /* ClickpadCaptureView.swift in Sources */ = {isa = PBXBuildFile; fileRef = AA0001AABBCCDDEEFF0022 /* ClickpadCaptureView.swift */; };
		BB0001AABBCCDDEEFF0023 /* GameController.framework in Frameworks */ = {isa = PBXBuildFile; fileRef = AA0001AABBCCDDEEFF0024 /* GameController.framework */; };
/* End PBXBuildFile section */

/* Begin PBXFileReference section */
		9675E1FB20855F6500A4A84A /* Foundation.framework */ = {isa = PBXFileReference; lastKnownFileType = wrapper.framework; name = Foundation.framework; path = System/Library/Frameworks/Foundation.framework; sourceTree = SDKROOT; };
		9675E1FE20857AEF00A4A84A /* UIKit.framework */ = {isa = PBXFileReference; lastKnownFileType = wrapper.framework; name = UIKit.framework; path = System/Library/Frameworks/UIKit.framework; sourceTree = SDKROOT; };
		AA0001AABBCCDDEEFF0001 /* WebViewBridge.h */ = {isa = PBXFileReference; lastKnownFileType = sourcecode.c.h; path = WebViewBridge.h; sourceTree = "<group>"; };
		AA0001AABBCCDDEEFF0002 /* WebViewBridge.m */ = {isa = PBXFileReference; lastKnownFileType = sourcecode.c.objc; path = WebViewBridge.m; sourceTree = "<group>"; };
		AA0001AABBCCDDEEFF0004 /* AppDelegate.swift */ = {isa = PBXFileReference; lastKnownFileType = sourcecode.swift; path = AppDelegate.swift; sourceTree = "<group>"; };
		AA0001AABBCCDDEEFF0006 /* SceneDelegate.swift */ = {isa = PBXFileReference; lastKnownFileType = sourcecode.swift; path = SceneDelegate.swift; sourceTree = "<group>"; };
		AA0001AABBCCDDEEFF0008 /* SettingsManager.swift */ = {isa = PBXFileReference; lastKnownFileType = sourcecode.swift; path = SettingsManager.swift; sourceTree = "<group>"; };
		AA0001AABBCCDDEEFF000A /* HistoryManager.swift */ = {isa = PBXFileReference; lastKnownFileType = sourcecode.swift; path = HistoryManager.swift; sourceTree = "<group>"; };
		AA0001AABBCCDDEEFF000C /* FavoritesManager.swift */ = {isa = PBXFileReference; lastKnownFileType = sourcecode.swift; path = FavoritesManager.swift; sourceTree = "<group>"; };
		AA0001AABBCCDDEEFF000E /* JavaScriptExecutor.swift */ = {isa = PBXFileReference; lastKnownFileType = sourcecode.swift; path = JavaScriptExecutor.swift; sourceTree = "<group>"; };
		AA0001AABBCCDDEEFF0010 /* WebViewContainer.swift */ = {isa = PBXFileReference; lastKnownFileType = sourcecode.swift; path = WebViewContainer.swift; sourceTree = "<group>"; };
		AA0001AABBCCDDEEFF0014 /* CursorView.swift */ = {isa = PBXFileReference; lastKnownFileType = sourcecode.swift; path = CursorView.swift; sourceTree = "<group>"; };
		AA0001AABBCCDDEEFF0016 /* NavigationBarView.swift */ = {isa = PBXFileReference; lastKnownFileType = sourcecode.swift; path = NavigationBarView.swift; sourceTree = "<group>"; };
		AA0001AABBCCDDEEFF0018 /* NavigationBarViewModel.swift */ = {isa = PBXFileReference; lastKnownFileType = sourcecode.swift; path = NavigationBarViewModel.swift; sourceTree = "<group>"; };
		AA0001AABBCCDDEEFF001A /* QuickMenuPresenter.swift */ = {isa = PBXFileReference; lastKnownFileType = sourcecode.swift; path = QuickMenuPresenter.swift; sourceTree = "<group>"; };
		AA0001AABBCCDDEEFF001C /* AdvancedMenuPresenter.swift */ = {isa = PBXFileReference; lastKnownFileType = sourcecode.swift; path = AdvancedMenuPresenter.swift; sourceTree = "<group>"; };
		AA0001AABBCCDDEEFF001E /* BrowserViewModel.swift */ = {isa = PBXFileReference; lastKnownFileType = sourcecode.swift; path = BrowserViewModel.swift; sourceTree = "<group>"; };
		AA0001AABBCCDDEEFF0020 /* BrowserViewController.swift */ = {isa = PBXFileReference; lastKnownFileType = sourcecode.swift; path = BrowserViewController.swift; sourceTree = "<group>"; };
		AA0001AABBCCDDEEFF0022 /* ClickpadCaptureView.swift */ = {isa = PBXFileReference; lastKnownFileType = sourcecode.swift; path = ClickpadCaptureView.swift; sourceTree = "<group>"; };
		AA0001AABBCCDDEEFF0024 /* GameController.framework */ = {isa = PBXFileReference; lastKnownFileType = wrapper.framework; name = GameController.framework; path = System/Library/Frameworks/GameController.framework; sourceTree = SDKROOT; };
		AA0001AABBCCDDEEFF00BH /* Browser-Bridging-Header.h */ = {isa = PBXFileReference; lastKnownFileType = sourcecode.c.h; path = "Browser-Bridging-Header.h"; sourceTree = "<group>"; };
		B002B8621BAE420500C744AF /* Browser.app */ = {isa = PBXFileReference; explicitFileType = wrapper.application; includeInIndex = 0; path = Browser.app; sourceTree = BUILT_PRODUCTS_DIR; };
		B002B8711BAE420500C744AF /* Assets.xcassets */ = {isa = PBXFileReference; lastKnownFileType = folder.assetcatalog; path = Assets.xcassets; sourceTree = "<group>"; };
		B002B8731BAE420500C744AF /* Info.plist */ = {isa = PBXFileReference; lastKnownFileType = text.plist.xml; path = Info.plist; sourceTree = "<group>"; };
/* End PBXFileReference section */

/* Begin PBXFrameworksBuildPhase section */
		B002B85F1BAE420500C744AF /* Frameworks */ = {
			isa = PBXFrameworksBuildPhase;
			buildActionMask = 2147483647;
			files = (
				BB0001AABBCCDDEEFF0023 /* GameController.framework in Frameworks */,
				9675E1FF20857AEF00A4A84A /* UIKit.framework in Frameworks */,
				9675E1FC20855F6500A4A84A /* Foundation.framework in Frameworks */,
			);
			runOnlyForDeploymentPostprocessing = 0;
		};
/* End PBXFrameworksBuildPhase section */

/* Begin PBXGroup section */
		9675E1FA20855F6500A4A84A /* Frameworks */ = {
			isa = PBXGroup;
			children = (
				9675E1FE20857AEF00A4A84A /* UIKit.framework */,
				9675E1FB20855F6500A4A84A /* Foundation.framework */,
				AA0001AABBCCDDEEFF0024 /* GameController.framework */,
			);
			name = Frameworks;
			sourceTree = "<group>";
		};
		B002B8591BAE420500C744AF = {
			isa = PBXGroup;
			children = (
				B002B8641BAE420500C744AF /* Browser */,
				B002B8631BAE420500C744AF /* Products */,
				9675E1FA20855F6500A4A84A /* Frameworks */,
			);
			sourceTree = "<group>";
		};
		B002B8631BAE420500C744AF /* Products */ = {
			isa = PBXGroup;
			children = (
				B002B8621BAE420500C744AF /* Browser.app */,
			);
			name = Products;
			sourceTree = "<group>";
		};
		B002B8641BAE420500C744AF /* Browser */ = {
			isa = PBXGroup;
			children = (
				AA0001AABBCCDDEEFF00BH /* Browser-Bridging-Header.h */,
				CCGROUP00000001AABBCCDD /* App */,
				CCGROUP00000002AABBCCDD /* WebView */,
				CCGROUP00000003AABBCCDD /* Cursor */,
				CCGROUP00000004AABBCCDD /* Navigation */,
				CCGROUP00000005AABBCCDD /* Menus */,
				CCGROUP00000006AABBCCDD /* Data */,
				CCGROUP00000007AABBCCDD /* ViewModel */,
				CCGROUP00000008AABBCCDD /* ViewController */,
				B002B8651BAE420500C744AF /* Supporting Files */,
			);
			path = Browser;
			sourceTree = "<group>";
		};
		B002B8651BAE420500C744AF /* Supporting Files */ = {
			isa = PBXGroup;
			children = (
				B002B8711BAE420500C744AF /* Assets.xcassets */,
				B002B8731BAE420500C744AF /* Info.plist */,
			);
			name = "Supporting Files";
			sourceTree = "<group>";
		};
		CCGROUP00000001AABBCCDD /* App */ = {
			isa = PBXGroup;
			children = (
				AA0001AABBCCDDEEFF0004 /* AppDelegate.swift */,
				AA0001AABBCCDDEEFF0006 /* SceneDelegate.swift */,
			);
			path = App;
			sourceTree = "<group>";
		};
		CCGROUP00000002AABBCCDD /* WebView */ = {
			isa = PBXGroup;
			children = (
				AA0001AABBCCDDEEFF0001 /* WebViewBridge.h */,
				AA0001AABBCCDDEEFF0002 /* WebViewBridge.m */,
				AA0001AABBCCDDEEFF000E /* JavaScriptExecutor.swift */,
				AA0001AABBCCDDEEFF0010 /* WebViewContainer.swift */,
			);
			path = WebView;
			sourceTree = "<group>";
		};
		CCGROUP00000003AABBCCDD /* Cursor */ = {
			isa = PBXGroup;
			children = (
				AA0001AABBCCDDEEFF0014 /* CursorView.swift */,
			);
			path = Cursor;
			sourceTree = "<group>";
		};
		CCGROUP00000004AABBCCDD /* Navigation */ = {
			isa = PBXGroup;
			children = (
				AA0001AABBCCDDEEFF0016 /* NavigationBarView.swift */,
				AA0001AABBCCDDEEFF0018 /* NavigationBarViewModel.swift */,
			);
			path = Navigation;
			sourceTree = "<group>";
		};
		CCGROUP00000005AABBCCDD /* Menus */ = {
			isa = PBXGroup;
			children = (
				AA0001AABBCCDDEEFF001A /* QuickMenuPresenter.swift */,
				AA0001AABBCCDDEEFF001C /* AdvancedMenuPresenter.swift */,
			);
			path = Menus;
			sourceTree = "<group>";
		};
		CCGROUP00000006AABBCCDD /* Data */ = {
			isa = PBXGroup;
			children = (
				AA0001AABBCCDDEEFF0008 /* SettingsManager.swift */,
				AA0001AABBCCDDEEFF000A /* HistoryManager.swift */,
				AA0001AABBCCDDEEFF000C /* FavoritesManager.swift */,
			);
			path = Data;
			sourceTree = "<group>";
		};
		CCGROUP00000007AABBCCDD /* ViewModel */ = {
			isa = PBXGroup;
			children = (
				AA0001AABBCCDDEEFF001E /* BrowserViewModel.swift */,
			);
			path = ViewModel;
			sourceTree = "<group>";
		};
		CCGROUP00000008AABBCCDD /* ViewController */ = {
			isa = PBXGroup;
			children = (
				AA0001AABBCCDDEEFF0020 /* BrowserViewController.swift */,
				AA0001AABBCCDDEEFF0022 /* ClickpadCaptureView.swift */,
			);
			path = ViewController;
			sourceTree = "<group>";
		};
/* End PBXGroup section */

/* Begin PBXNativeTarget section */
		B002B8611BAE420500C744AF /* Browser */ = {
			isa = PBXNativeTarget;
			buildConfigurationList = B002B8761BAE420500C744AF /* Build configuration list for PBXNativeTarget "Browser" */;
			buildPhases = (
				B002B85E1BAE420500C744AF /* Sources */,
				B002B85F1BAE420500C744AF /* Frameworks */,
				B002B8601BAE420500C744AF /* Resources */,
				9693F8451BF5A99E00077BAB /* ShellScript */,
			);
			buildRules = (
			);
			dependencies = (
			);
			name = Browser;
			productName = Browser;
			productReference = B002B8621BAE420500C744AF /* Browser.app */;
			productType = "com.apple.product-type.application";
		};
/* End PBXNativeTarget section */

/* Begin PBXProject section */
		B002B85A1BAE420500C744AF /* Project object */ = {
			isa = PBXProject;
			attributes = {
				LastUpgradeCheck = 1400;
				ORGANIZATIONNAME = "tvOS Browser";
				TargetAttributes = {
					B002B8611BAE420500C744AF = {
						CreatedOnToolsVersion = 14.0;
					};
				};
			};
			buildConfigurationList = B002B85D1BAE420500C744AF /* Build configuration list for PBXProject "Browser" */;
			compatibilityVersion = "Xcode 14.0";
			developmentRegion = en;
			hasScannedForEncodings = 0;
			knownRegions = (
				en,
				Base,
			);
			mainGroup = B002B8591BAE420500C744AF;
			productRefGroup = B002B8631BAE420500C744AF /* Products */;
			projectDirPath = "";
			projectRoot = "";
			targets = (
				B002B8611BAE420500C744AF /* Browser */,
			);
		};
/* End PBXProject section */

/* Begin PBXResourcesBuildPhase section */
		B002B8601BAE420500C744AF /* Resources */ = {
			isa = PBXResourcesBuildPhase;
			buildActionMask = 2147483647;
			files = (
				B002B8721BAE420500C744AF /* Assets.xcassets in Resources */,
			);
			runOnlyForDeploymentPostprocessing = 0;
		};
/* End PBXResourcesBuildPhase section */

/* Begin PBXShellScriptBuildPhase section */
		9693F8451BF5A99E00077BAB /* ShellScript */ = {
			isa = PBXShellScriptBuildPhase;
			buildActionMask = 8;
			files = (
			);
			inputPaths = (
			);
			outputPaths = (
			);
			runOnlyForDeploymentPostprocessing = 1;
			shellPath = /bin/sh;
			shellScript = "buildNumber=$(/usr/libexec/PlistBuddy -c \"Print CFBundleVersion\" \"${PROJECT_DIR}/${INFOPLIST_FILE}\")\nbuildNumber=$(($buildNumber + 1))\n/usr/libexec/PlistBuddy -c \"Set :CFBundleVersion $buildNumber\" \"${PROJECT_DIR}/${INFOPLIST_FILE}\"";
		};
/* End PBXShellScriptBuildPhase section */

/* Begin PBXSourcesBuildPhase section */
		B002B85E1BAE420500C744AF /* Sources */ = {
			isa = PBXSourcesBuildPhase;
			buildActionMask = 2147483647;
			files = (
				BB0001AABBCCDDEEFF0001 /* WebViewBridge.m in Sources */,
				BB0001AABBCCDDEEFF0003 /* AppDelegate.swift in Sources */,
				BB0001AABBCCDDEEFF0005 /* SceneDelegate.swift in Sources */,
				BB0001AABBCCDDEEFF0007 /* SettingsManager.swift in Sources */,
				BB0001AABBCCDDEEFF0009 /* HistoryManager.swift in Sources */,
				BB0001AABBCCDDEEFF000B /* FavoritesManager.swift in Sources */,
				BB0001AABBCCDDEEFF000D /* JavaScriptExecutor.swift in Sources */,
				BB0001AABBCCDDEEFF000F /* WebViewContainer.swift in Sources */,
				BB0001AABBCCDDEEFF0013 /* CursorView.swift in Sources */,
				BB0001AABBCCDDEEFF0015 /* NavigationBarView.swift in Sources */,
				BB0001AABBCCDDEEFF0017 /* NavigationBarViewModel.swift in Sources */,
				BB0001AABBCCDDEEFF0019 /* QuickMenuPresenter.swift in Sources */,
				BB0001AABBCCDDEEFF001B /* AdvancedMenuPresenter.swift in Sources */,
				BB0001AABBCCDDEEFF001D /* BrowserViewModel.swift in Sources */,
				BB0001AABBCCDDEEFF001F /* BrowserViewController.swift in Sources */,
				BB0001AABBCCDDEEFF0021 /* ClickpadCaptureView.swift in Sources */,
			);
			runOnlyForDeploymentPostprocessing = 0;
		};
/* End PBXSourcesBuildPhase section */

/* Begin XCBuildConfiguration section */
		B002B8741BAE420500C744AF /* Debug */ = {
			isa = XCBuildConfiguration;
			buildSettings = {
				ALWAYS_SEARCH_USER_PATHS = NO;
				CLANG_ENABLE_MODULES = YES;
				CLANG_ENABLE_OBJC_ARC = YES;
				COPY_PHASE_STRIP = NO;
				DEBUG_INFORMATION_FORMAT = dwarf;
				ENABLE_STRICT_OBJC_MSGSEND = YES;
				ENABLE_TESTABILITY = YES;
				GCC_C_LANGUAGE_STANDARD = gnu11;
				GCC_DYNAMIC_NO_PIC = NO;
				GCC_OPTIMIZATION_LEVEL = 0;
				GCC_PREPROCESSOR_DEFINITIONS = (
					"DEBUG=1",
					"$(inherited)",
				);
				GCC_WARN_ABOUT_RETURN_TYPE = YES_ERROR;
				MTL_ENABLE_DEBUG_INFO = YES;
				ONLY_ACTIVE_ARCH = YES;
				SDKROOT = appletvos;
				SWIFT_ACTIVE_COMPILATION_CONDITIONS = DEBUG;
				SWIFT_OPTIMIZATION_LEVEL = "-Onone";
				SWIFT_VERSION = 5.0;
				TARGETED_DEVICE_FAMILY = 3;
				TVOS_DEPLOYMENT_TARGET = 14.0;
			};
			name = Debug;
		};
		B002B8751BAE420500C744AF /* Release */ = {
			isa = XCBuildConfiguration;
			buildSettings = {
				ALWAYS_SEARCH_USER_PATHS = NO;
				CLANG_ENABLE_MODULES = YES;
				CLANG_ENABLE_OBJC_ARC = YES;
				COPY_PHASE_STRIP = NO;
				DEBUG_INFORMATION_FORMAT = "dwarf-with-dsym";
				ENABLE_NS_ASSERTIONS = NO;
				ENABLE_STRICT_OBJC_MSGSEND = YES;
				GCC_C_LANGUAGE_STANDARD = gnu11;
				GCC_WARN_ABOUT_RETURN_TYPE = YES_ERROR;
				MTL_ENABLE_DEBUG_INFO = NO;
				SDKROOT = appletvos;
				SWIFT_OPTIMIZATION_LEVEL = "-O";
				SWIFT_VERSION = 5.0;
				TARGETED_DEVICE_FAMILY = 3;
				TVOS_DEPLOYMENT_TARGET = 14.0;
				VALIDATE_PRODUCT = YES;
			};
			name = Release;
		};
		B002B8771BAE420500C744AF /* Debug */ = {
			isa = XCBuildConfiguration;
			buildSettings = {
				ALWAYS_EMBED_SWIFT_STANDARD_LIBRARIES = YES;
				ASSETCATALOG_COMPILER_APPICON_NAME = "App Icon & Top Shelf Image";
				ASSETCATALOG_COMPILER_LAUNCHIMAGE_NAME = LaunchImage;
				CODE_SIGN_IDENTITY = "iPhone Developer";
				CURRENT_PROJECT_VERSION = 3000;
				DEVELOPMENT_TEAM = L74JW3HF8Y;
				EMBED_ASSET_PACKS_IN_PRODUCT_BUNDLE = YES;
				ENABLE_ON_DEMAND_RESOURCES = NO;
				INFOPLIST_FILE = Browser/Info.plist;
				INFOPLIST_KEY_CFBundleDisplayName = BrowserOS;
				INFOPLIST_KEY_LSApplicationCategoryType = "public.app-category.utilities";
				LD_RUNPATH_SEARCH_PATHS = (
					"$(inherited)",
					"@executable_path/Frameworks",
				);
				MARKETING_VERSION = 5;
				PRODUCT_BUNDLE_IDENTIFIER = com.tydebeer.tvbrowser;
				PRODUCT_NAME = "$(TARGET_NAME)";
				SWIFT_OBJC_BRIDGING_HEADER = "Browser/Browser-Bridging-Header.h";
				SWIFT_VERSION = 5.0;
				TVOS_DEPLOYMENT_TARGET = 26.0;
			};
			name = Debug;
		};
		B002B8781BAE420500C744AF /* Release */ = {
			isa = XCBuildConfiguration;
			buildSettings = {
				ALWAYS_EMBED_SWIFT_STANDARD_LIBRARIES = YES;
				ASSETCATALOG_COMPILER_APPICON_NAME = "App Icon & Top Shelf Image";
				ASSETCATALOG_COMPILER_LAUNCHIMAGE_NAME = LaunchImage;
				CODE_SIGN_IDENTITY = "iPhone Developer";
				CURRENT_PROJECT_VERSION = 3000;
				DEVELOPMENT_TEAM = L74JW3HF8Y;
				EMBED_ASSET_PACKS_IN_PRODUCT_BUNDLE = YES;
				ENABLE_ON_DEMAND_RESOURCES = NO;
				INFOPLIST_FILE = Browser/Info.plist;
				INFOPLIST_KEY_CFBundleDisplayName = BrowserOS;
				INFOPLIST_KEY_LSApplicationCategoryType = "public.app-category.utilities";
				LD_RUNPATH_SEARCH_PATHS = (
					"$(inherited)",
					"@executable_path/Frameworks",
				);
				MARKETING_VERSION = 5;
				PRODUCT_BUNDLE_IDENTIFIER = com.tydebeer.tvbrowser;
				PRODUCT_NAME = "$(TARGET_NAME)";
				SWIFT_OBJC_BRIDGING_HEADER = "Browser/Browser-Bridging-Header.h";
				SWIFT_VERSION = 5.0;
				TVOS_DEPLOYMENT_TARGET = 26.0;
			};
			name = Release;
		};
/* End XCBuildConfiguration section */

/* Begin XCConfigurationList section */
		B002B85D1BAE420500C744AF /* Build configuration list for PBXProject "Browser" */ = {
			isa = XCConfigurationList;
			buildConfigurations = (
				B002B8741BAE420500C744AF /* Debug */,
				B002B8751BAE420500C744AF /* Release */,
			);
			defaultConfigurationIsVisible = 0;
			defaultConfigurationName = Release;
		};
		B002B8761BAE420500C744AF /* Build configuration list for PBXNativeTarget "Browser" */ = {
			isa = XCConfigurationList;
			buildConfigurations = (
				B002B8771BAE420500C744AF /* Debug */,
				B002B8781BAE420500C744AF /* Release */,
			);
			defaultConfigurationIsVisible = 0;
			defaultConfigurationName = Release;
		};
/* End XCConfigurationList section */
	};
	rootObject = B002B85A1BAE420500C744AF /* Project object */;
}
